
Microsoft Visual Studio Solution File, Format Version 12.00
# Visual Studio Version 17
VisualStudioVersion = 17.0.31903.59
MinimumVisualStudioVersion = 10.0.40219.1
Project("{2150E333-8FDC-42A3-9474-1A3956D46DE8}") = "src", "src", "{827E0CD3-B72D-47B6-A68D-7590B98EB39B}"
EndProject
Project("{FAE04EC0-301F-11D3-BF4B-00C04F79EFBC}") = "ASB.POC.Domain", "src\ASB.POC.Domain\ASB.POC.Domain.csproj", "{F3A4A6F6-AB0E-4C0B-891B-6680637578D7}"
EndProject
Project("{FAE04EC0-301F-11D3-BF4B-00C04F79EFBC}") = "ASB.POC.Application", "src\ASB.POC.Application\ASB.POC.Application.csproj", "{DD0039D1-E852-476F-B681-E75A74F758C2}"
EndProject
Project("{FAE04EC0-301F-11D3-BF4B-00C04F79EFBC}") = "ASB.POC.Infrastructure", "src\ASB.POC.Infrastructure\ASB.POC.Infrastructure.csproj", "{3D375CA2-7C87-4D5B-AB17-EE613A14926C}"
EndProject
Project("{FAE04EC0-301F-11D3-BF4B-00C04F79EFBC}") = "ASB.POC.API", "src\ASB.POC.API\ASB.POC.API.csproj", "{F8D7CEC0-980B-4A5E-B2E1-24004E74B887}"
EndProject
Project("{FAE04EC0-301F-11D3-BF4B-00C04F79EFBC}") = "ASB.POC.Consumer", "src\ASB.POC.Consumer\ASB.POC.Consumer.csproj", "{71C9F307-4853-4B6F-B1BF-1EB0D46F79B3}"
EndProject
Global
	GlobalSection(SolutionConfigurationPlatforms) = preSolution
		Debug|Any CPU = Debug|Any CPU
		Debug|x64 = Debug|x64
		Debug|x86 = Debug|x86
		Release|Any CPU = Release|Any CPU
		Release|x64 = Release|x64
		Release|x86 = Release|x86
	EndGlobalSection
	GlobalSection(ProjectConfigurationPlatforms) = postSolution
		{F3A4A6F6-AB0E-4C0B-891B-6680637578D7}.Debug|Any CPU.ActiveCfg = Debug|Any CPU
		{F3A4A6F6-AB0E-4C0B-891B-6680637578D7}.Debug|Any CPU.Build.0 = Debug|Any CPU
		{F3A4A6F6-AB0E-4C0B-891B-6680637578D7}.Debug|x64.ActiveCfg = Debug|Any CPU
		{F3A4A6F6-AB0E-4C0B-891B-6680637578D7}.Debug|x64.Build.0 = Debug|Any CPU
		{F3A4A6F6-AB0E-4C0B-891B-6680637578D7}.Debug|x86.ActiveCfg = Debug|Any CPU
		{F3A4A6F6-AB0E-4C0B-891B-6680637578D7}.Debug|x86.Build.0 = Debug|Any CPU
		{F3A4A6F6-AB0E-4C0B-891B-6680637578D7}.Release|Any CPU.ActiveCfg = Release|Any CPU
		{F3A4A6F6-AB0E-4C0B-891B-6680637578D7}.Release|Any CPU.Build.0 = Release|Any CPU
		{F3A4A6F6-AB0E-4C0B-891B-6680637578D7}.Release|x64.ActiveCfg = Release|Any CPU
		{F3A4A6F6-AB0E-4C0B-891B-6680637578D7}.Release|x64.Build.0 = Release|Any CPU
		{F3A4A6F6-AB0E-4C0B-891B-6680637578D7}.Release|x86.ActiveCfg = Release|Any CPU
		{F3A4A6F6-AB0E-4C0B-891B-6680637578D7}.Release|x86.Build.0 = Release|Any CPU
		{DD0039D1-E852-476F-B681-E75A74F758C2}.Debug|Any CPU.ActiveCfg = Debug|Any CPU
		{DD0039D1-E852-476F-B681-E75A74F758C2}.Debug|Any CPU.Build.0 = Debug|Any CPU
		{DD0039D1-E852-476F-B681-E75A74F758C2}.Debug|x64.ActiveCfg = Debug|Any CPU
		{DD0039D1-E852-476F-B681-E75A74F758C2}.Debug|x64.Build.0 = Debug|Any CPU
		{DD0039D1-E852-476F-B681-E75A74F758C2}.Debug|x86.ActiveCfg = Debug|Any CPU
		{DD0039D1-E852-476F-B681-E75A74F758C2}.Debug|x86.Build.0 = Debug|Any CPU
		{DD0039D1-E852-476F-B681-E75A74F758C2}.Release|Any CPU.ActiveCfg = Release|Any CPU
		{DD0039D1-E852-476F-B681-E75A74F758C2}.Release|Any CPU.Build.0 = Release|Any CPU
		{DD0039D1-E852-476F-B681-E75A74F758C2}.Release|x64.ActiveCfg = Release|Any CPU
		{DD0039D1-E852-476F-B681-E75A74F758C2}.Release|x64.Build.0 = Release|Any CPU
		{DD0039D1-E852-476F-B681-E75A74F758C2}.Release|x86.ActiveCfg = Release|Any CPU
		{DD0039D1-E852-476F-B681-E75A74F758C2}.Release|x86.Build.0 = Release|Any CPU
		{3D375CA2-7C87-4D5B-AB17-EE613A14926C}.Debug|Any CPU.ActiveCfg = Debug|Any CPU
		{3D375CA2-7C87-4D5B-AB17-EE613A14926C}.Debug|Any CPU.Build.0 = Debug|Any CPU
		{3D375CA2-7C87-4D5B-AB17-EE613A14926C}.Debug|x64.ActiveCfg = Debug|Any CPU
		{3D375CA2-7C87-4D5B-AB17-EE613A14926C}.Debug|x64.Build.0 = Debug|Any CPU
		{3D375CA2-7C87-4D5B-AB17-EE613A14926C}.Debug|x86.ActiveCfg = Debug|Any CPU
		{3D375CA2-7C87-4D5B-AB17-EE613A14926C}.Debug|x86.Build.0 = Debug|Any CPU
		{3D375CA2-7C87-4D5B-AB17-EE613A14926C}.Release|Any CPU.ActiveCfg = Release|Any CPU
		{3D375CA2-7C87-4D5B-AB17-EE613A14926C}.Release|Any CPU.Build.0 = Release|Any CPU
		{3D375CA2-7C87-4D5B-AB17-EE613A14926C}.Release|x64.ActiveCfg = Release|Any CPU
		{3D375CA2-7C87-4D5B-AB17-EE613A14926C}.Release|x64.Build.0 = Release|Any CPU
		{3D375CA2-7C87-4D5B-AB17-EE613A14926C}.Release|x86.ActiveCfg = Release|Any CPU
		{3D375CA2-7C87-4D5B-AB17-EE613A14926C}.Release|x86.Build.0 = Release|Any CPU
		{F8D7CEC0-980B-4A5E-B2E1-24004E74B887}.Debug|Any CPU.ActiveCfg = Debug|Any CPU
		{F8D7CEC0-980B-4A5E-B2E1-24004E74B887}.Debug|Any CPU.Build.0 = Debug|Any CPU
		{F8D7CEC0-980B-4A5E-B2E1-24004E74B887}.Debug|x64.ActiveCfg = Debug|Any CPU
		{F8D7CEC0-980B-4A5E-B2E1-24004E74B887}.Debug|x64.Build.0 = Debug|Any CPU
		{F8D7CEC0-980B-4A5E-B2E1-24004E74B887}.Debug|x86.ActiveCfg = Debug|Any CPU
		{F8D7CEC0-980B-4A5E-B2E1-24004E74B887}.Debug|x86.Build.0 = Debug|Any CPU
		{F8D7CEC0-980B-4A5E-B2E1-24004E74B887}.Release|Any CPU.ActiveCfg = Release|Any CPU
		{F8D7CEC0-980B-4A5E-B2E1-24004E74B887}.Release|Any CPU.Build.0 = Release|Any CPU
		{F8D7CEC0-980B-4A5E-B2E1-24004E74B887}.Release|x64.ActiveCfg = Release|Any CPU
		{F8D7CEC0-980B-4A5E-B2E1-24004E74B887}.Release|x64.Build.0 = Release|Any CPU
		{F8D7CEC0-980B-4A5E-B2E1-24004E74B887}.Release|x86.ActiveCfg = Release|Any CPU
		{F8D7CEC0-980B-4A5E-B2E1-24004E74B887}.Release|x86.Build.0 = Release|Any CPU
		{71C9F307-4853-4B6F-B1BF-1EB0D46F79B3}.Debug|Any CPU.ActiveCfg = Debug|Any CPU
		{71C9F307-4853-4B6F-B1BF-1EB0D46F79B3}.Debug|Any CPU.Build.0 = Debug|Any CPU
		{71C9F307-4853-4B6F-B1BF-1EB0D46F79B3}.Debug|x64.ActiveCfg = Debug|Any CPU
		{71C9F307-4853-4B6F-B1BF-1EB0D46F79B3}.Debug|x64.Build.0 = Debug|Any CPU
		{71C9F307-4853-4B6F-B1BF-1EB0D46F79B3}.Debug|x86.ActiveCfg = Debug|Any CPU
		{71C9F307-4853-4B6F-B1BF-1EB0D46F79B3}.Debug|x86.Build.0 = Debug|Any CPU
		{71C9F307-4853-4B6F-B1BF-1EB0D46F79B3}.Release|Any CPU.ActiveCfg = Release|Any CPU
		{71C9F307-4853-4B6F-B1BF-1EB0D46F79B3}.Release|Any CPU.Build.0 = Release|Any CPU
		{71C9F307-4853-4B6F-B1BF-1EB0D46F79B3}.Release|x64.ActiveCfg = Release|Any CPU
		{71C9F307-4853-4B6F-B1BF-1EB0D46F79B3}.Release|x64.Build.0 = Release|Any CPU
		{71C9F307-4853-4B6F-B1BF-1EB0D46F79B3}.Release|x86.ActiveCfg = Release|Any CPU
		{71C9F307-4853-4B6F-B1BF-1EB0D46F79B3}.Release|x86.Build.0 = Release|Any CPU
	EndGlobalSection
	GlobalSection(SolutionProperties) = preSolution
		HideSolutionNode = FALSE
	EndGlobalSection
	GlobalSection(NestedProjects) = preSolution
		{F3A4A6F6-AB0E-4C0B-891B-6680637578D7} = {827E0CD3-B72D-47B6-A68D-7590B98EB39B}
		{DD0039D1-E852-476F-B681-E75A74F758C2} = {827E0CD3-B72D-47B6-A68D-7590B98EB39B}
		{3D375CA2-7C87-4D5B-AB17-EE613A14926C} = {827E0CD3-B72D-47B6-A68D-7590B98EB39B}
		{F8D7CEC0-980B-4A5E-B2E1-24004E74B887} = {827E0CD3-B72D-47B6-A68D-7590B98EB39B}
		{71C9F307-4853-4B6F-B1BF-1EB0D46F79B3} = {827E0CD3-B72D-47B6-A68D-7590B98EB39B}
	EndGlobalSection
EndGlobal
